
Microsoft Visual Studio Solution File, Format Version 12.00
# Visual Studio Version 17
VisualStudioVersion = 17.11.35208.52
MinimumVisualStudioVersion = 10.0.40219.1
Project("{FAE04EC0-301F-11D3-BF4B-00C04F79EFBC}") = "Datatypes", "Datatypes\Datatypes.csproj", "{C5608A0C-40BD-400B-881E-6958170A3A4B}"
EndProject
Global
	GlobalSection(SolutionConfigurationPlatforms) = preSolution
		Debug|Any CPU = Debug|Any CPU
		Release|Any CPU = Release|Any CPU
	EndGlobalSection
	GlobalSection(ProjectConfigurationPlatforms) = postSolution
		{C5608A0C-40BD-400B-881E-6958170A3A4B}.Debug|Any CPU.ActiveCfg = Debug|Any CPU
		{C5608A0C-40BD-400B-881E-6958170A3A4B}.Debug|Any CPU.Build.0 = Debug|Any CPU
		{C5608A0C-40BD-400B-881E-6958170A3A4B}.Release|Any CPU.ActiveCfg = Release|Any CPU
		{C5608A0C-40BD-400B-881E-6958170A3A4B}.Release|Any CPU.Build.0 = Release|Any CPU
	EndGlobalSection
	GlobalSection(SolutionProperties) = preSolution
		HideSolutionNode = FALSE
	EndGlobalSection
	GlobalSection(ExtensibilityGlobals) = postSolution
		SolutionGuid = {87C2A0B0-C263-4873-8264-318740BB1D9C}
	EndGlobalSection
EndGlobal
